// !$*UTF8*$!
{
	archiveVersion = 1;
	classes = {
	};
	objectVersion = 51;
	objects = {

/* Begin PBXBuildFile section */
		0BDDD0CA757B224AFBC8DA24 /* Pods_MyPlaces.framework in Frameworks */ = {isa = PBXBuildFile; fileRef = 1026CE599891CD52B853DA58 /* Pods_MyPlaces.framework */; };
		1A1F585A2371767B0038E66F /* AppDelegate.swift in Sources */ = {isa = PBXBuildFile; fileRef = 1A1F58592371767B0038E66F /* AppDelegate.swift */; };
		1A1F585C2371767B0038E66F /* SceneDelegate.swift in Sources */ = {isa = PBXBuildFile; fileRef = 1A1F585B2371767B0038E66F /* SceneDelegate.swift */; };
		1A1F58612371767B0038E66F /* Main.storyboard in Resources */ = {isa = PBXBuildFile; fileRef = 1A1F585F2371767B0038E66F /* Main.storyboard */; };
		1A1F58632371767C0038E66F /* Assets.xcassets in Resources */ = {isa = PBXBuildFile; fileRef = 1A1F58622371767C0038E66F /* Assets.xcassets */; };
		1A1F58662371767C0038E66F /* LaunchScreen.storyboard in Resources */ = {isa = PBXBuildFile; fileRef = 1A1F58642371767C0038E66F /* LaunchScreen.storyboard */; };
		1A1F586E23717BDB0038E66F /* MainNewController.swift in Sources */ = {isa = PBXBuildFile; fileRef = 1A1F586D23717BDB0038E66F /* MainNewController.swift */; };
		1A1F5870237194F50038E66F /* CustomTableViewCell.swift in Sources */ = {isa = PBXBuildFile; fileRef = 1A1F586F237194F50038E66F /* CustomTableViewCell.swift */; };
		1A1F58722371A5E30038E66F /* PlaceModel.swift in Sources */ = {isa = PBXBuildFile; fileRef = 1A1F58712371A5E30038E66F /* PlaceModel.swift */; };
		1A1F58742371C32B0038E66F /* NewPlaceViewController.swift in Sources */ = {isa = PBXBuildFile; fileRef = 1A1F58732371C32B0038E66F /* NewPlaceViewController.swift */; };
		1A5F6F1423744D1B006AB93E /* StorageManager.swift in Sources */ = {isa = PBXBuildFile; fileRef = 1A5F6F1323744D1B006AB93E /* StorageManager.swift */; };
/* End PBXBuildFile section */

/* Begin PBXFileReference section */
		1026CE599891CD52B853DA58 /* Pods_MyPlaces.framework */ = {isa = PBXFileReference; explicitFileType = wrapper.framework; includeInIndex = 0; path = Pods_MyPlaces.framework; sourceTree = BUILT_PRODUCTS_DIR; };
		1A1F58562371767B0038E66F /* MyPlaces.app */ = {isa = PBXFileReference; explicitFileType = wrapper.application; includeInIndex = 0; path = MyPlaces.app; sourceTree = BUILT_PRODUCTS_DIR; };
		1A1F58592371767B0038E66F /* AppDelegate.swift */ = {isa = PBXFileReference; lastKnownFileType = sourcecode.swift; path = AppDelegate.swift; sourceTree = "<group>"; };
		1A1F585B2371767B0038E66F /* SceneDelegate.swift */ = {isa = PBXFileReference; lastKnownFileType = sourcecode.swift; path = SceneDelegate.swift; sourceTree = "<group>"; };
		1A1F58602371767B0038E66F /* Base */ = {isa = PBXFileReference; lastKnownFileType = file.storyboard; name = Base; path = Base.lproj/Main.storyboard; sourceTree = "<group>"; };
		1A1F58622371767C0038E66F /* Assets.xcassets */ = {isa = PBXFileReference; lastKnownFileType = folder.assetcatalog; path = Assets.xcassets; sourceTree = "<group>"; };
		1A1F58652371767C0038E66F /* Base */ = {isa = PBXFileReference; lastKnownFileType = file.storyboard; name = Base; path = Base.lproj/LaunchScreen.storyboard; sourceTree = "<group>"; };
		1A1F58672371767C0038E66F /* Info.plist */ = {isa = PBXFileReference; lastKnownFileType = text.plist.xml; path = Info.plist; sourceTree = "<group>"; };
		1A1F586D23717BDB0038E66F /* MainNewController.swift */ = {isa = PBXFileReference; lastKnownFileType = sourcecode.swift; path = MainNewController.swift; sourceTree = "<group>"; };
		1A1F586F237194F50038E66F /* CustomTableViewCell.swift */ = {isa = PBXFileReference; lastKnownFileType = sourcecode.swift; path = CustomTableViewCell.swift; sourceTree = "<group>"; };
		1A1F58712371A5E30038E66F /* PlaceModel.swift */ = {isa = PBXFileReference; lastKnownFileType = sourcecode.swift; path = PlaceModel.swift; sourceTree = "<group>"; };
		1A1F58732371C32B0038E66F /* NewPlaceViewController.swift */ = {isa = PBXFileReference; lastKnownFileType = sourcecode.swift; path = NewPlaceViewController.swift; sourceTree = "<group>"; };
		1A5F6F1323744D1B006AB93E /* StorageManager.swift */ = {isa = PBXFileReference; lastKnownFileType = sourcecode.swift; path = StorageManager.swift; sourceTree = "<group>"; };
		8583D1890CDE1352189C1095 /* Pods-MyPlaces.debug.xcconfig */ = {isa = PBXFileReference; includeInIndex = 1; lastKnownFileType = text.xcconfig; name = "Pods-MyPlaces.debug.xcconfig"; path = "Target Support Files/Pods-MyPlaces/Pods-MyPlaces.debug.xcconfig"; sourceTree = "<group>"; };
		AB712C4D10EC8A81B810E4C4 /* Pods-MyPlaces.release.xcconfig */ = {isa = PBXFileReference; includeInIndex = 1; lastKnownFileType = text.xcconfig; name = "Pods-MyPlaces.release.xcconfig"; path = "Target Support Files/Pods-MyPlaces/Pods-MyPlaces.release.xcconfig"; sourceTree = "<group>"; };
/* End PBXFileReference section */

/* Begin PBXFrameworksBuildPhase section */
		1A1F58532371767B0038E66F /* Frameworks */ = {
			isa = PBXFrameworksBuildPhase;
			buildActionMask = 2147483647;
			files = (
				0BDDD0CA757B224AFBC8DA24 /* Pods_MyPlaces.framework in Frameworks */,
			);
			runOnlyForDeploymentPostprocessing = 0;
		};
/* End PBXFrameworksBuildPhase section */

/* Begin PBXGroup section */
		08AD976A95F5517072C1943E /* Frameworks */ = {
			isa = PBXGroup;
			children = (
				1026CE599891CD52B853DA58 /* Pods_MyPlaces.framework */,
			);
			name = Frameworks;
			sourceTree = "<group>";
		};
		1A1F584D2371767B0038E66F = {
			isa = PBXGroup;
			children = (
				1A1F58582371767B0038E66F /* MyPlaces */,
				1A1F58572371767B0038E66F /* Products */,
				367C9043FC3B0F645CB23D08 /* Pods */,
				08AD976A95F5517072C1943E /* Frameworks */,
			);
			sourceTree = "<group>";
		};
		1A1F58572371767B0038E66F /* Products */ = {
			isa = PBXGroup;
			children = (
				1A1F58562371767B0038E66F /* MyPlaces.app */,
			);
			name = Products;
			sourceTree = "<group>";
		};
		1A1F58582371767B0038E66F /* MyPlaces */ = {
			isa = PBXGroup;
			children = (
				1A1F58592371767B0038E66F /* AppDelegate.swift */,
				1A1F585B2371767B0038E66F /* SceneDelegate.swift */,
				1A1F586D23717BDB0038E66F /* MainNewController.swift */,
				1A1F58712371A5E30038E66F /* PlaceModel.swift */,
				1A5F6F1323744D1B006AB93E /* StorageManager.swift */,
				1A1F586F237194F50038E66F /* CustomTableViewCell.swift */,
				1A1F58732371C32B0038E66F /* NewPlaceViewController.swift */,
				1A1F585F2371767B0038E66F /* Main.storyboard */,
				1A1F58622371767C0038E66F /* Assets.xcassets */,
				1A1F58642371767C0038E66F /* LaunchScreen.storyboard */,
				1A1F58672371767C0038E66F /* Info.plist */,
			);
			path = MyPlaces;
			sourceTree = "<group>";
		};
		367C9043FC3B0F645CB23D08 /* Pods */ = {
			isa = PBXGroup;
			children = (
				8583D1890CDE1352189C1095 /* Pods-MyPlaces.debug.xcconfig */,
				AB712C4D10EC8A81B810E4C4 /* Pods-MyPlaces.release.xcconfig */,
			);
			path = Pods;
			sourceTree = "<group>";
		};
/* End PBXGroup section */

/* Begin PBXNativeTarget section */
		1A1F58552371767B0038E66F /* MyPlaces */ = {
			isa = PBXNativeTarget;
			buildConfigurationList = 1A1F586A2371767C0038E66F /* Build configuration list for PBXNativeTarget "MyPlaces" */;
			buildPhases = (
				34E89F711A7F09175ECA197C /* [CP] Check Pods Manifest.lock */,
				1A1F58522371767B0038E66F /* Sources */,
				1A1F58532371767B0038E66F /* Frameworks */,
				1A1F58542371767B0038E66F /* Resources */,
				1199602CA4359DBB77E9F370 /* [CP] Embed Pods Frameworks */,
			);
			buildRules = (
			);
			dependencies = (
			);
			name = MyPlaces;
			productName = MyPlaces;
			productReference = 1A1F58562371767B0038E66F /* MyPlaces.app */;
			productType = "com.apple.product-type.application";
		};
/* End PBXNativeTarget section */

/* Begin PBXProject section */
		1A1F584E2371767B0038E66F /* Project object */ = {
			isa = PBXProject;
			attributes = {
				LastSwiftUpdateCheck = 1120;
				LastUpgradeCheck = 1120;
				ORGANIZATIONNAME = Aro;
				TargetAttributes = {
					1A1F58552371767B0038E66F = {
						CreatedOnToolsVersion = 11.2;
					};
				};
			};
			buildConfigurationList = 1A1F58512371767B0038E66F /* Build configuration list for PBXProject "MyPlaces" */;
			compatibilityVersion = "Xcode 9.3";
			developmentRegion = en;
			hasScannedForEncodings = 0;
			knownRegions = (
				en,
				Base,
			);
			mainGroup = 1A1F584D2371767B0038E66F;
			productRefGroup = 1A1F58572371767B0038E66F /* Products */;
			projectDirPath = "";
			projectRoot = "";
			targets = (
				1A1F58552371767B0038E66F /* MyPlaces */,
			);
		};
/* End PBXProject section */

/* Begin PBXResourcesBuildPhase section */
		1A1F58542371767B0038E66F /* Resources */ = {
			isa = PBXResourcesBuildPhase;
			buildActionMask = 2147483647;
			files = (
				1A1F58662371767C0038E66F /* LaunchScreen.storyboard in Resources */,
				1A1F58632371767C0038E66F /* Assets.xcassets in Resources */,
				1A1F58612371767B0038E66F /* Main.storyboard in Resources */,
			);
			runOnlyForDeploymentPostprocessing = 0;
		};
/* End PBXResourcesBuildPhase section */

/* Begin PBXShellScriptBuildPhase section */
		1199602CA4359DBB77E9F370 /* [CP] Embed Pods Frameworks */ = {
			isa = PBXShellScriptBuildPhase;
			buildActionMask = 2147483647;
			files = (
			);
			inputFileListPaths = (
				"${PODS_ROOT}/Target Support Files/Pods-MyPlaces/Pods-MyPlaces-frameworks-${CONFIGURATION}-input-files.xcfilelist",
			);
			name = "[CP] Embed Pods Frameworks";
			outputFileListPaths = (
				"${PODS_ROOT}/Target Support Files/Pods-MyPlaces/Pods-MyPlaces-frameworks-${CONFIGURATION}-output-files.xcfilelist",
			);
			runOnlyForDeploymentPostprocessing = 0;
			shellPath = /bin/sh;
			shellScript = "\"${PODS_ROOT}/Target Support Files/Pods-MyPlaces/Pods-MyPlaces-frameworks.sh\"\n";
			showEnvVarsInLog = 0;
		};
		34E89F711A7F09175ECA197C /* [CP] Check Pods Manifest.lock */ = {
			isa = PBXShellScriptBuildPhase;
			buildActionMask = 2147483647;
			files = (
			);
			inputFileListPaths = (
			);
			inputPaths = (
				"${PODS_PODFILE_DIR_PATH}/Podfile.lock",
				"${PODS_ROOT}/Manifest.lock",
			);
			name = "[CP] Check Pods Manifest.lock";
			outputFileListPaths = (
			);
			outputPaths = (
				"$(DERIVED_FILE_DIR)/Pods-MyPlaces-checkManifestLockResult.txt",
			);
			runOnlyForDeploymentPostprocessing = 0;
			shellPath = /bin/sh;
			shellScript = "diff \"${PODS_PODFILE_DIR_PATH}/Podfile.lock\" \"${PODS_ROOT}/Manifest.lock\" > /dev/null\nif [ $? != 0 ] ; then\n    # print error to STDERR\n    echo \"error: The sandbox is not in sync with the Podfile.lock. Run 'pod install' or update your CocoaPods installation.\" >&2\n    exit 1\nfi\n# This output is used by Xcode 'outputs' to avoid re-running this script phase.\necho \"SUCCESS\" > \"${SCRIPT_OUTPUT_FILE_0}\"\n";
			showEnvVarsInLog = 0;
		};
/* End PBXShellScriptBuildPhase section */

/* Begin PBXSourcesBuildPhase section */
		1A1F58522371767B0038E66F /* Sources */ = {
			isa = PBXSourcesBuildPhase;
			buildActionMask = 2147483647;
			files = (
				1A1F585A2371767B0038E66F /* AppDelegate.swift in Sources */,
				1A1F58742371C32B0038E66F /* NewPlaceViewController.swift in Sources */,
				1A1F586E23717BDB0038E66F /* MainNewController.swift in Sources */,
				1A5F6F1423744D1B006AB93E /* StorageManager.swift in Sources */,
				1A1F58722371A5E30038E66F /* PlaceModel.swift in Sources */,
				1A1F5870237194F50038E66F /* CustomTableViewCell.swift in Sources */,
				1A1F585C2371767B0038E66F /* SceneDelegate.swift in Sources */,
			);
			runOnlyForDeploymentPostprocessing = 0;
		};
/* End PBXSourcesBuildPhase section */

/* Begin PBXVariantGroup section */
		1A1F585F2371767B0038E66F /* Main.storyboard */ = {
			isa = PBXVariantGroup;
			children = (
				1A1F58602371767B0038E66F /* Base */,
			);
			name = Main.storyboard;
			sourceTree = "<group>";
		};
		1A1F58642371767C0038E66F /* LaunchScreen.storyboard */ = {
			isa = PBXVariantGroup;
			children = (
				1A1F58652371767C0038E66F /* Base */,
			);
			name = LaunchScreen.storyboard;
			sourceTree = "<group>";
		};
/* End PBXVariantGroup section */

/* Begin XCBuildConfiguration section */
		1A1F58682371767C0038E66F /* Debug */ = {
			isa = XCBuildConfiguration;
			buildSettings = {
				ALWAYS_SEARCH_USER_PATHS = NO;
				CLANG_ANALYZER_NONNULL = YES;
				CLANG_ANALYZER_NUMBER_OBJECT_CONVERSION = YES_AGGRESSIVE;
				CLANG_CXX_LANGUAGE_STANDARD = "gnu++14";
				CLANG_CXX_LIBRARY = "libc++";
				CLANG_ENABLE_MODULES = YES;
				CLANG_ENABLE_OBJC_ARC = YES;
				CLANG_ENABLE_OBJC_WEAK = YES;
				CLANG_WARN_BLOCK_CAPTURE_AUTORELEASING = YES;
				CLANG_WARN_BOOL_CONVERSION = YES;
				CLANG_WARN_COMMA = YES;
				CLANG_WARN_CONSTANT_CONVERSION = YES;
				CLANG_WARN_DEPRECATED_OBJC_IMPLEMENTATIONS = YES;
				CLANG_WARN_DIRECT_OBJC_ISA_USAGE = YES_ERROR;
				CLANG_WARN_DOCUMENTATION_COMMENTS = YES;
				CLANG_WARN_EMPTY_BODY = YES;
				CLANG_WARN_ENUM_CONVERSION = YES;
				CLANG_WARN_INFINITE_RECURSION = YES;
				CLANG_WARN_INT_CONVERSION = YES;
				CLANG_WARN_NON_LITERAL_NULL_CONVERSION = YES;
				CLANG_WARN_OBJC_IMPLICIT_RETAIN_SELF = YES;
				CLANG_WARN_OBJC_LITERAL_CONVERSION = YES;
				CLANG_WARN_OBJC_ROOT_CLASS = YES_ERROR;
				CLANG_WARN_RANGE_LOOP_ANALYSIS = YES;
				CLANG_WARN_STRICT_PROTOTYPES = YES;
				CLANG_WARN_SUSPICIOUS_MOVE = YES;
				CLANG_WARN_UNGUARDED_AVAILABILITY = YES_AGGRESSIVE;
				CLANG_WARN_UNREACHABLE_CODE = YES;
				CLANG_WARN__DUPLICATE_METHOD_MATCH = YES;
				COPY_PHASE_STRIP = NO;
				DEBUG_INFORMATION_FORMAT = dwarf;
				ENABLE_STRICT_OBJC_MSGSEND = YES;
				ENABLE_TESTABILITY = YES;
				GCC_C_LANGUAGE_STANDARD = gnu11;
				GCC_DYNAMIC_NO_PIC = NO;
				GCC_NO_COMMON_BLOCKS = YES;
				GCC_OPTIMIZATION_LEVEL = 0;
				GCC_PREPROCESSOR_DEFINITIONS = (
					"DEBUG=1",
					"$(inherited)",
				);
				GCC_WARN_64_TO_32_BIT_CONVERSION = YES;
				GCC_WARN_ABOUT_RETURN_TYPE = YES_ERROR;
				GCC_WARN_UNDECLARED_SELECTOR = YES;
				GCC_WARN_UNINITIALIZED_AUTOS = YES_AGGRESSIVE;
				GCC_WARN_UNUSED_FUNCTION = YES;
				GCC_WARN_UNUSED_VARIABLE = YES;
				IPHONEOS_DEPLOYMENT_TARGET = 13.2;
				MTL_ENABLE_DEBUG_INFO = INCLUDE_SOURCE;
				MTL_FAST_MATH = YES;
				ONLY_ACTIVE_ARCH = YES;
				SDKROOT = iphoneos;
				SWIFT_ACTIVE_COMPILATION_CONDITIONS = DEBUG;
				SWIFT_OPTIMIZATION_LEVEL = "-Onone";
			};
			name = Debug;
		};
		1A1F58692371767C0038E66F /* Release */ = {
			isa = XCBuildConfiguration;
			buildSettings = {
				ALWAYS_SEARCH_USER_PATHS = NO;
				CLANG_ANALYZER_NONNULL = YES;
				CLANG_ANALYZER_NUMBER_OBJECT_CONVERSION = YES_AGGRESSIVE;
				CLANG_CXX_LANGUAGE_STANDARD = "gnu++14";
				CLANG_CXX_LIBRARY = "libc++";
				CLANG_ENABLE_MODULES = YES;
				CLANG_ENABLE_OBJC_ARC = YES;
				CLANG_ENABLE_OBJC_WEAK = YES;
				CLANG_WARN_BLOCK_CAPTURE_AUTORELEASING = YES;
				CLANG_WARN_BOOL_CONVERSION = YES;
				CLANG_WARN_COMMA = YES;
				CLANG_WARN_CONSTANT_CONVERSION = YES;
				CLANG_WARN_DEPRECATED_OBJC_IMPLEMENTATIONS = YES;
				CLANG_WARN_DIRECT_OBJC_ISA_USAGE = YES_ERROR;
				CLANG_WARN_DOCUMENTATION_COMMENTS = YES;
				CLANG_WARN_EMPTY_BODY = YES;
				CLANG_WARN_ENUM_CONVERSION = YES;
				CLANG_WARN_INFINITE_RECURSION = YES;
				CLANG_WARN_INT_CONVERSION = YES;
				CLANG_WARN_NON_LITERAL_NULL_CONVERSION = YES;
				CLANG_WARN_OBJC_IMPLICIT_RETAIN_SELF = YES;
				CLANG_WARN_OBJC_LITERAL_CONVERSION = YES;
				CLANG_WARN_OBJC_ROOT_CLASS = YES_ERROR;
				CLANG_WARN_RANGE_LOOP_ANALYSIS = YES;
				CLANG_WARN_STRICT_PROTOTYPES = YES;
				CLANG_WARN_SUSPICIOUS_MOVE = YES;
				CLANG_WARN_UNGUARDED_AVAILABILITY = YES_AGGRESSIVE;
				CLANG_WARN_UNREACHABLE_CODE = YES;
				CLANG_WARN__DUPLICATE_METHOD_MATCH = YES;
				COPY_PHASE_STRIP = NO;
				DEBUG_INFORMATION_FORMAT = "dwarf-with-dsym";
				ENABLE_NS_ASSERTIONS = NO;
				ENABLE_STRICT_OBJC_MSGSEND = YES;
				GCC_C_LANGUAGE_STANDARD = gnu11;
				GCC_NO_COMMON_BLOCKS = YES;
				GCC_WARN_64_TO_32_BIT_CONVERSION = YES;
				GCC_WARN_ABOUT_RETURN_TYPE = YES_ERROR;
				GCC_WARN_UNDECLARED_SELECTOR = YES;
				GCC_WARN_UNINITIALIZED_AUTOS = YES_AGGRESSIVE;
				GCC_WARN_UNUSED_FUNCTION = YES;
				GCC_WARN_UNUSED_VARIABLE = YES;
				IPHONEOS_DEPLOYMENT_TARGET = 13.2;
				MTL_ENABLE_DEBUG_INFO = NO;
				MTL_FAST_MATH = YES;
				SDKROOT = iphoneos;
				SWIFT_COMPILATION_MODE = wholemodule;
				SWIFT_OPTIMIZATION_LEVEL = "-O";
				VALIDATE_PRODUCT = YES;
			};
			name = Release;
		};
		1A1F586B2371767C0038E66F /* Debug */ = {
			isa = XCBuildConfiguration;
			baseConfigurationReference = 8583D1890CDE1352189C1095 /* Pods-MyPlaces.debug.xcconfig */;
			buildSettings = {
				ASSETCATALOG_COMPILER_APPICON_NAME = AppIcon;
				CODE_SIGN_STYLE = Automatic;
				DEVELOPMENT_TEAM = TX2VU6JZ2W;
				INFOPLIST_FILE = MyPlaces/Info.plist;
				LD_RUNPATH_SEARCH_PATHS = (
					"$(inherited)",
					"@executable_path/Frameworks",
				);
				PRODUCT_BUNDLE_IDENTIFIER = edu.self.MyPlaces;
				PRODUCT_NAME = "$(TARGET_NAME)";
				SWIFT_VERSION = 5.0;
				TARGETED_DEVICE_FAMILY = "1,2";
			};
			name = Debug;
		};
		1A1F586C2371767C0038E66F /* Release */ = {
			isa = XCBuildConfiguration;
			baseConfigurationReference = AB712C4D10EC8A81B810E4C4 /* Pods-MyPlaces.release.xcconfig */;
			buildSettings = {
				ASSETCATALOG_COMPILER_APPICON_NAME = AppIcon;
				CODE_SIGN_STYLE = Automatic;
				DEVELOPMENT_TEAM = TX2VU6JZ2W;
				INFOPLIST_FILE = MyPlaces/Info.plist;
				LD_RUNPATH_SEARCH_PATHS = (
					"$(inherited)",
					"@executable_path/Frameworks",
				);
				PRODUCT_BUNDLE_IDENTIFIER = edu.self.MyPlaces;
				PRODUCT_NAME = "$(TARGET_NAME)";
				SWIFT_VERSION = 5.0;
				TARGETED_DEVICE_FAMILY = "1,2";
			};
			name = Release;
		};
/* End XCBuildConfiguration section */

/* Begin XCConfigurationList section */
		1A1F58512371767B0038E66F /* Build configuration list for PBXProject "MyPlaces" */ = {
			isa = XCConfigurationList;
			buildConfigurations = (
				1A1F58682371767C0038E66F /* Debug */,
				1A1F58692371767C0038E66F /* Release */,
			);
			defaultConfigurationIsVisible = 0;
			defaultConfigurationName = Release;
		};
		1A1F586A2371767C0038E66F /* Build configuration list for PBXNativeTarget "MyPlaces" */ = {
			isa = XCConfigurationList;
			buildConfigurations = (
				1A1F586B2371767C0038E66F /* Debug */,
				1A1F586C2371767C0038E66F /* Release */,
			);
			defaultConfigurationIsVisible = 0;
			defaultConfigurationName = Release;
		};
/* End XCConfigurationList section */
	};
	rootObject = 1A1F584E2371767B0038E66F /* Project object */;
}
